<?xml version="1.0" encoding="utf-8"?>
<Project ToolsVersion="4.0" xmlns="http://schemas.microsoft.com/developer/msbuild/2003">
  <ItemGroup>
    <Filter Include="Source Files">
      <UniqueIdentifier>{4FC737F1-C7A5-4376-A066-2A32D752A2FF}</UniqueIdentifier>
      <Extensions>cpp;c;cc;cxx;def;odl;idl;hpj;bat;asm;asmx;f</Extensions>
    </Filter>
    <Filter Include="Header Files">
      <UniqueIdentifier>{93995380-89BD-4b04-88EB-625FBE52EBFB}</UniqueIdentifier>
      <Extensions>h;hpp;hxx;hm;inl;inc;xsd;hh</Extensions>
    </Filter>
    <Filter Include="Resource Files">
      <UniqueIdentifier>{67DA6AB6-F800-4c08-8B7A-83BB121AAD01}</UniqueIdentifier>
      <Extensions>rc;ico;cur;bmp;dlg;rc2;rct;bin;rgs;gif;jpg;jpeg;jpe;resx;tiff;tif;png;wav</Extensions>
    </Filter>
  </ItemGroup>
  <ItemGroup>
    <ClCompile Include="..\src\BonusHelixFit.cc">
      <Filter>Source Files</Filter>
    </ClCompile>
    <ClCompile Include="..\src\GlobalDebuger.cc">
      <Filter>Source Files</Filter>
    </ClCompile>
    <ClCompile Include="..\src\rwfthc.cc">
      <Filter>Source Files</Filter>
    </ClCompile>
    <ClCompile Include="..\src\track0.cc">
      <Filter>Source Files</Filter>
    </ClCompile>
    <ClCompile Include="..\src\track1.cc">
      <Filter>Source Files</Filter>
    </ClCompile>
    <ClCompile Include="..\src\track2.cc">
      <Filter>Source Files</Filter>
    </ClCompile>
    <ClCompile Include="..\src\WISER_c.cc">
      <Filter>Source Files</Filter>
    </ClCompile>
    <ClCompile Include="..\src\ACCTools.cc">
      <Filter>Source Files</Filter>
    </ClCompile>
    <ClCompile Include="..\src\AnaRTPC.cc">
      <Filter>Source Files</Filter>
    </ClCompile>
    <ClCompile Include="..\src\ApplyMulDPolN.cc">
      <Filter>Source Files</Filter>
    </ClCompile>
    <ClCompile Include="..\src\Calib.cc">
      <Filter>Source Files</Filter>
    </ClCompile>
    <ClCompile Include="..\src\config.cc">
      <Filter>Source Files</Filter>
    </ClCompile>
    <ClCompile Include="..\src\DeltaXXX.cc">
      <Filter>Source Files</Filter>
    </ClCompile>
    <ClCompile Include="..\src\DriftEMagboltz.cc">
      <Filter>Source Files</Filter>
    </ClCompile>
    <ClCompile Include="..\src\EPC_c.cc">
      <Filter>Source Files</Filter>
    </ClCompile>
    <ClCompile Include="..\src\Main.cc">
      <Filter>Source Files</Filter>
    </ClCompile>
    <ClCompile Include="..\src\MulDFit.cc">
      <Filter>Source Files</Filter>
    </ClCompile>
    <ClCompile Include="..\src\PlotRes.cc">
      <Filter>Source Files</Filter>
    </ClCompile>
    <ClCompile Include="..\src\RTPCPhys.cc">
      <Filter>Source Files</Filter>
    </ClCompile>
  </ItemGroup>
  <ItemGroup>
    <None Include="..\Makefile">
      <Filter>Resource Files</Filter>
    </None>
    <None Include="..\src\BonusHelixFit.hh">
      <Filter>Header Files</Filter>
    </None>
    <None Include="..\src\DriftEMagboltz.hh">
      <Filter>Header Files</Filter>
    </None>
    <None Include="..\src\GlobalDebuger.hh">
      <Filter>Header Files</Filter>
    </None>
    <None Include="..\include\WISER_c.hh">
      <Filter>Header Files</Filter>
    </None>
    <None Include="..\include\EPC_c.hh">
      <Filter>Header Files</Filter>
    </None>
    <None Include="..\include\RTPC_Calib_Para.inc">
      <Filter>Header Files</Filter>
    </None>
  </ItemGroup>
  <ItemGroup>
    <CustomBuild Include="..\src\rwfthl.f">
      <Filter>Source Files</Filter>
    </CustomBuild>
    <CustomBuild Include="..\src\wiser.f">
      <Filter>Source Files</Filter>
    </CustomBuild>
    <CustomBuild Include="..\src\epc.f">
      <Filter>Source Files</Filter>
    </CustomBuild>
  </ItemGroup>
  <ItemGroup>
    <ClInclude Include="..\src\ACCTools.h">
      <Filter>Header Files</Filter>
    </ClInclude>
    <ClInclude Include="..\src\ApplyMulDPolN.h">
      <Filter>Header Files</Filter>
    </ClInclude>
    <ClInclude Include="..\src\config.h">
      <Filter>Header Files</Filter>
    </ClInclude>
    <ClInclude Include="..\src\MulDFit.h">
      <Filter>Header Files</Filter>
    </ClInclude>
    <ClInclude Include="..\src\track2.h">
      <Filter>Header Files</Filter>
    </ClInclude>
    <ClInclude Include="..\src\track1.h">
      <Filter>Header Files</Filter>
    </ClInclude>
    <ClInclude Include="..\src\track0.h">
      <Filter>Header Files</Filter>
    </ClInclude>
    <ClInclude Include="..\include\MyStyle.h">
      <Filter>Header Files</Filter>
    </ClInclude>
  </ItemGroup>
</Project>